
Microsoft Visual Studio Solution File, Format Version 12.00
# Visual Studio Version 17
VisualStudioVersion = 17.4.33110.190
MinimumVisualStudioVersion = 10.0.40219.1
Project("{FAE04EC0-301F-11D3-BF4B-00C04F79EFBC}") = "BMI Rechner", "BMI Rechner.csproj", "{BAD57310-8872-451D-B778-99E1C16026F3}"
EndProject
Global
	GlobalSection(SolutionConfigurationPlatforms) = preSolution
		Debug|Any CPU = Debug|Any CPU
		Release|Any CPU = Release|Any CPU
	EndGlobalSection
	GlobalSection(ProjectConfigurationPlatforms) = postSolution
		{BAD57310-8872-451D-B778-99E1C16026F3}.Debug|Any CPU.ActiveCfg = Debug|Any CPU
		{BAD57310-8872-451D-B778-99E1C16026F3}.Debug|Any CPU.Build.0 = Debug|Any CPU
		{BAD57310-8872-451D-B778-99E1C16026F3}.Release|Any CPU.ActiveCfg = Release|Any CPU
		{BAD57310-8872-451D-B778-99E1C16026F3}.Release|Any CPU.Build.0 = Release|Any CPU
	EndGlobalSection
	GlobalSection(SolutionProperties) = preSolution
		HideSolutionNode = FALSE
	EndGlobalSection
	GlobalSection(ExtensibilityGlobals) = postSolution
		SolutionGuid = {4650E4A7-2578-4666-B37C-6A6B09D88F96}
	EndGlobalSection
EndGlobal
